
Microsoft Visual Studio Solution File, Format Version 12.00
# Visual Studio Version 17
VisualStudioVersion = 17.5.33424.131
MinimumVisualStudioVersion = 10.0.40219.1
Project("{9A19103F-16F7-4668-BE54-9A1E7A4F7556}") = "WebApp_UnderTheHood", "WebApp_UnderTheHood\WebApp_UnderTheHood.csproj", "{FD9F597B-FCD6-4E3B-8026-5E0A64A84294}"
EndProject
Project("{9A19103F-16F7-4668-BE54-9A1E7A4F7556}") = "WebAPI", "WebAPI\WebAPI.csproj", "{AFE60346-4FB2-43A1-8A0D-04EE33D2154F}"
EndProject
Project("{9A19103F-16F7-4668-BE54-9A1E7A4F7556}") = "WebApp", "WebApp\WebApp.csproj", "{66E64ACC-49C8-4E1B-A625-FF08613D067B}"
EndProject
Global
	GlobalSection(SolutionConfigurationPlatforms) = preSolution
		Debug|Any CPU = Debug|Any CPU
		Release|Any CPU = Release|Any CPU
	EndGlobalSection
	GlobalSection(ProjectConfigurationPlatforms) = postSolution
		{FD9F597B-FCD6-4E3B-8026-5E0A64A84294}.Debug|Any CPU.ActiveCfg = Debug|Any CPU
		{FD9F597B-FCD6-4E3B-8026-5E0A64A84294}.Debug|Any CPU.Build.0 = Debug|Any CPU
		{FD9F597B-FCD6-4E3B-8026-5E0A64A84294}.Release|Any CPU.ActiveCfg = Release|Any CPU
		{FD9F597B-FCD6-4E3B-8026-5E0A64A84294}.Release|Any CPU.Build.0 = Release|Any CPU
		{AFE60346-4FB2-43A1-8A0D-04EE33D2154F}.Debug|Any CPU.ActiveCfg = Debug|Any CPU
		{AFE60346-4FB2-43A1-8A0D-04EE33D2154F}.Debug|Any CPU.Build.0 = Debug|Any CPU
		{AFE60346-4FB2-43A1-8A0D-04EE33D2154F}.Release|Any CPU.ActiveCfg = Release|Any CPU
		{AFE60346-4FB2-43A1-8A0D-04EE33D2154F}.Release|Any CPU.Build.0 = Release|Any CPU
		{66E64ACC-49C8-4E1B-A625-FF08613D067B}.Debug|Any CPU.ActiveCfg = Debug|Any CPU
		{66E64ACC-49C8-4E1B-A625-FF08613D067B}.Debug|Any CPU.Build.0 = Debug|Any CPU
		{66E64ACC-49C8-4E1B-A625-FF08613D067B}.Release|Any CPU.ActiveCfg = Release|Any CPU
		{66E64ACC-49C8-4E1B-A625-FF08613D067B}.Release|Any CPU.Build.0 = Release|Any CPU
	EndGlobalSection
	GlobalSection(SolutionProperties) = preSolution
		HideSolutionNode = FALSE
	EndGlobalSection
	GlobalSection(ExtensibilityGlobals) = postSolution
		SolutionGuid = {2552B7FF-7AE6-4408-838E-E7075ECA5026}
	EndGlobalSection
EndGlobal
